
Microsoft Visual Studio Solution File, Format Version 12.00
# Visual Studio Version 17
VisualStudioVersion = 17.5.33530.505
MinimumVisualStudioVersion = 10.0.40219.1
Project("{2150E333-8FDC-42A3-9474-1A3956D46DE8}") = "Solution Items", "Solution Items", "{A07F68EF-B4E2-48EB-B8D2-59623C04B710}"
	ProjectSection(SolutionItems) = preProject
		.dockerignore = .dockerignore
		.gitattributes = .gitattributes
		.gitignore = .gitignore
		docker-compose.yml = docker-compose.yml
		environment.ps1 = environment.ps1
		lessons.txt = lessons.txt
		README.md = README.md
	EndProjectSection
EndProject
Project("{2150E333-8FDC-42A3-9474-1A3956D46DE8}") = "src", "src", "{52295662-BAA7-4C00-9F52-71DA125B0A3B}"
EndProject
Project("{2150E333-8FDC-42A3-9474-1A3956D46DE8}") = "tests", "tests", "{77740D95-F49F-4242-A97B-B0A48E92B271}"
EndProject
Project("{2150E333-8FDC-42A3-9474-1A3956D46DE8}") = "Core", "Core", "{52AC7FF7-18E9-472A-84FF-A0F1A8D4E7F6}"
EndProject
Project("{2150E333-8FDC-42A3-9474-1A3956D46DE8}") = "Infrastructure", "Infrastructure", "{A65E76C4-9D6F-45F7-963F-15AC3B82A1DF}"
EndProject
Project("{9A19103F-16F7-4668-BE54-9A1E7A4F7556}") = "Domain", "src\Core\Domain\Domain.csproj", "{8866ED27-7425-4151-9632-69E56BDACDD3}"
EndProject
Project("{9A19103F-16F7-4668-BE54-9A1E7A4F7556}") = "Services", "src\Core\Services\Services.csproj", "{8405F644-A35C-4227-80BC-E7D17C8B5C96}"
EndProject
Project("{9A19103F-16F7-4668-BE54-9A1E7A4F7556}") = "Persistence", "src\Infrastructure\Persistence\Persistence.csproj", "{7B8DB9A1-8825-44A4-A6B8-D947E3C08EA4}"
EndProject
Project("{2150E333-8FDC-42A3-9474-1A3956D46DE8}") = "Presentation", "Presentation", "{F9CD312A-0CED-4A46-B913-DEB942BF99E0}"
EndProject
Project("{9A19103F-16F7-4668-BE54-9A1E7A4F7556}") = "WebUI", "src\Presentation\WebUI\WebUI.csproj", "{6942FDAA-6926-4D11-A059-62D23A598324}"
EndProject
Project("{9A19103F-16F7-4668-BE54-9A1E7A4F7556}") = "Repositories", "src\Core\Repositories\Repositories.csproj", "{13F8D671-1F45-451F-9F18-365EABF96890}"
EndProject
Project("{9A19103F-16F7-4668-BE54-9A1E7A4F7556}") = "WebApi", "src\Presentation\WebApi\WebApi.csproj", "{288E565F-7A88-44CF-A354-909D39B80EEF}"
EndProject
Project("{9A19103F-16F7-4668-BE54-9A1E7A4F7556}") = "Application", "src\Core\Application\Application.csproj", "{928F6274-524B-4A16-B99D-1FA3921E64D6}"
EndProject
Global
	GlobalSection(SolutionConfigurationPlatforms) = preSolution
		Debug|Any CPU = Debug|Any CPU
		Release|Any CPU = Release|Any CPU
	EndGlobalSection
	GlobalSection(ProjectConfigurationPlatforms) = postSolution
		{8866ED27-7425-4151-9632-69E56BDACDD3}.Debug|Any CPU.ActiveCfg = Debug|Any CPU
		{8866ED27-7425-4151-9632-69E56BDACDD3}.Debug|Any CPU.Build.0 = Debug|Any CPU
		{8866ED27-7425-4151-9632-69E56BDACDD3}.Release|Any CPU.ActiveCfg = Release|Any CPU
		{8866ED27-7425-4151-9632-69E56BDACDD3}.Release|Any CPU.Build.0 = Release|Any CPU
		{8405F644-A35C-4227-80BC-E7D17C8B5C96}.Debug|Any CPU.ActiveCfg = Debug|Any CPU
		{8405F644-A35C-4227-80BC-E7D17C8B5C96}.Debug|Any CPU.Build.0 = Debug|Any CPU
		{8405F644-A35C-4227-80BC-E7D17C8B5C96}.Release|Any CPU.ActiveCfg = Release|Any CPU
		{8405F644-A35C-4227-80BC-E7D17C8B5C96}.Release|Any CPU.Build.0 = Release|Any CPU
		{7B8DB9A1-8825-44A4-A6B8-D947E3C08EA4}.Debug|Any CPU.ActiveCfg = Debug|Any CPU
		{7B8DB9A1-8825-44A4-A6B8-D947E3C08EA4}.Debug|Any CPU.Build.0 = Debug|Any CPU
		{7B8DB9A1-8825-44A4-A6B8-D947E3C08EA4}.Release|Any CPU.ActiveCfg = Release|Any CPU
		{7B8DB9A1-8825-44A4-A6B8-D947E3C08EA4}.Release|Any CPU.Build.0 = Release|Any CPU
		{6942FDAA-6926-4D11-A059-62D23A598324}.Debug|Any CPU.ActiveCfg = Debug|Any CPU
		{6942FDAA-6926-4D11-A059-62D23A598324}.Debug|Any CPU.Build.0 = Debug|Any CPU
		{6942FDAA-6926-4D11-A059-62D23A598324}.Release|Any CPU.ActiveCfg = Release|Any CPU
		{6942FDAA-6926-4D11-A059-62D23A598324}.Release|Any CPU.Build.0 = Release|Any CPU
		{13F8D671-1F45-451F-9F18-365EABF96890}.Debug|Any CPU.ActiveCfg = Debug|Any CPU
		{13F8D671-1F45-451F-9F18-365EABF96890}.Debug|Any CPU.Build.0 = Debug|Any CPU
		{13F8D671-1F45-451F-9F18-365EABF96890}.Release|Any CPU.ActiveCfg = Release|Any CPU
		{13F8D671-1F45-451F-9F18-365EABF96890}.Release|Any CPU.Build.0 = Release|Any CPU
		{288E565F-7A88-44CF-A354-909D39B80EEF}.Debug|Any CPU.ActiveCfg = Debug|Any CPU
		{288E565F-7A88-44CF-A354-909D39B80EEF}.Debug|Any CPU.Build.0 = Debug|Any CPU
		{288E565F-7A88-44CF-A354-909D39B80EEF}.Release|Any CPU.ActiveCfg = Release|Any CPU
		{288E565F-7A88-44CF-A354-909D39B80EEF}.Release|Any CPU.Build.0 = Release|Any CPU
		{928F6274-524B-4A16-B99D-1FA3921E64D6}.Debug|Any CPU.ActiveCfg = Debug|Any CPU
		{928F6274-524B-4A16-B99D-1FA3921E64D6}.Debug|Any CPU.Build.0 = Debug|Any CPU
		{928F6274-524B-4A16-B99D-1FA3921E64D6}.Release|Any CPU.ActiveCfg = Release|Any CPU
		{928F6274-524B-4A16-B99D-1FA3921E64D6}.Release|Any CPU.Build.0 = Release|Any CPU
	EndGlobalSection
	GlobalSection(SolutionProperties) = preSolution
		HideSolutionNode = FALSE
	EndGlobalSection
	GlobalSection(NestedProjects) = preSolution
		{52AC7FF7-18E9-472A-84FF-A0F1A8D4E7F6} = {52295662-BAA7-4C00-9F52-71DA125B0A3B}
		{A65E76C4-9D6F-45F7-963F-15AC3B82A1DF} = {52295662-BAA7-4C00-9F52-71DA125B0A3B}
		{8866ED27-7425-4151-9632-69E56BDACDD3} = {52AC7FF7-18E9-472A-84FF-A0F1A8D4E7F6}
		{8405F644-A35C-4227-80BC-E7D17C8B5C96} = {52AC7FF7-18E9-472A-84FF-A0F1A8D4E7F6}
		{7B8DB9A1-8825-44A4-A6B8-D947E3C08EA4} = {A65E76C4-9D6F-45F7-963F-15AC3B82A1DF}
		{F9CD312A-0CED-4A46-B913-DEB942BF99E0} = {52295662-BAA7-4C00-9F52-71DA125B0A3B}
		{6942FDAA-6926-4D11-A059-62D23A598324} = {F9CD312A-0CED-4A46-B913-DEB942BF99E0}
		{13F8D671-1F45-451F-9F18-365EABF96890} = {52AC7FF7-18E9-472A-84FF-A0F1A8D4E7F6}
		{288E565F-7A88-44CF-A354-909D39B80EEF} = {F9CD312A-0CED-4A46-B913-DEB942BF99E0}
		{928F6274-524B-4A16-B99D-1FA3921E64D6} = {52AC7FF7-18E9-472A-84FF-A0F1A8D4E7F6}
	EndGlobalSection
	GlobalSection(ExtensibilityGlobals) = postSolution
		SolutionGuid = {382D9201-BEA4-416B-BA86-09E0971B3CA9}
	EndGlobalSection
EndGlobal
